<?xml version="1.0" encoding="utf-8"?>
<Project ToolsVersion="4.0" xmlns="http://schemas.microsoft.com/developer/msbuild/2003">
  <ItemGroup>
    <Filter Include="src">
      <UniqueIdentifier>{3427cc6b-55ed-45f0-8e57-29a32ec766fc}</UniqueIdentifier>
    </Filter>
    <Filter Include="src\weapons">
      <UniqueIdentifier>{bf8c2f92-98f5-45fb-95c5-5f4261d4bdff}</UniqueIdentifier>
    </Filter>
    <Filter Include="src\gs">
      <UniqueIdentifier>{6e197b5b-a841-469a-b725-3594b0b0bd20}</UniqueIdentifier>
    </Filter>
    <Filter Include="src\pm">
      <UniqueIdentifier>{bf0db874-9883-43e7-8194-300d58086c08}</UniqueIdentifier>
    </Filter>
    <Filter Include="src\events">
      <UniqueIdentifier>{f9759b8f-eb75-4cd4-bf55-f4e5782770a4}</UniqueIdentifier>
    </Filter>
    <Filter Include="src\studio">
      <UniqueIdentifier>{dee46702-17d9-474e-aff7-313fe6316093}</UniqueIdentifier>
    </Filter>
    <Filter Include="src\cs">
      <UniqueIdentifier>{1152c56f-ba6f-4902-bb09-36e4513fefdd}</UniqueIdentifier>
    </Filter>
    <Filter Include="src\hud">
      <UniqueIdentifier>{d3fa3982-08dd-4792-ae64-41f2c3da12ae}</UniqueIdentifier>
    </Filter>
    <Filter Include="inc">
      <UniqueIdentifier>{c28aba62-ad19-4d1d-9df7-79d8069ebb9a}</UniqueIdentifier>
    </Filter>
  </ItemGroup>
  <ItemGroup>
    <ClCompile Include="..\pm_shared\pm_debug.c">
      <Filter>src\pm</Filter>
    </ClCompile>
    <ClCompile Include="..\pm_shared\pm_math.c">
      <Filter>src\pm</Filter>
    </ClCompile>
    <ClCompile Include="..\pm_shared\pm_shared.c">
      <Filter>src\pm</Filter>
    </ClCompile>
    <ClCompile Include="..\cl_dll\events\ev_cs16.cpp">
      <Filter>src\events</Filter>
    </ClCompile>
    <ClCompile Include="..\cl_dll\events\event_ak47.cpp">
      <Filter>src\events</Filter>
    </ClCompile>
    <ClCompile Include="..\cl_dll\events\event_aug.cpp">
      <Filter>src\events</Filter>
    </ClCompile>
    <ClCompile Include="..\cl_dll\events\event_awp.cpp">
      <Filter>src\events</Filter>
    </ClCompile>
    <ClCompile Include="..\cl_dll\events\event_createexplo.cpp">
      <Filter>src\events</Filter>
    </ClCompile>
    <ClCompile Include="..\cl_dll\events\event_createsmoke.cpp">
      <Filter>src\events</Filter>
    </ClCompile>
    <ClCompile Include="..\cl_dll\events\event_deagle.cpp">
      <Filter>src\events</Filter>
    </ClCompile>
    <ClCompile Include="..\cl_dll\events\event_decal_reset.cpp">
      <Filter>src\events</Filter>
    </ClCompile>
    <ClCompile Include="..\cl_dll\events\event_elite_left.cpp">
      <Filter>src\events</Filter>
    </ClCompile>
    <ClCompile Include="..\cl_dll\events\event_elite_right.cpp">
      <Filter>src\events</Filter>
    </ClCompile>
    <ClCompile Include="..\cl_dll\events\event_famas.cpp">
      <Filter>src\events</Filter>
    </ClCompile>
    <ClCompile Include="..\cl_dll\events\event_fiveseven.cpp">
      <Filter>src\events</Filter>
    </ClCompile>
    <ClCompile Include="..\cl_dll\events\event_g3sg1.cpp">
      <Filter>src\events</Filter>
    </ClCompile>
    <ClCompile Include="..\cl_dll\events\event_galil.cpp">
      <Filter>src\events</Filter>
    </ClCompile>
    <ClCompile Include="..\cl_dll\events\event_glock18.cpp">
      <Filter>src\events</Filter>
    </ClCompile>
    <ClCompile Include="..\cl_dll\events\event_knife.cpp">
      <Filter>src\events</Filter>
    </ClCompile>
    <ClCompile Include="..\cl_dll\events\event_m3.cpp">
      <Filter>src\events</Filter>
    </ClCompile>
    <ClCompile Include="..\cl_dll\events\event_m4a1.cpp">
      <Filter>src\events</Filter>
    </ClCompile>
    <ClCompile Include="..\cl_dll\events\event_m249.cpp">
      <Filter>src\events</Filter>
    </ClCompile>
    <ClCompile Include="..\cl_dll\events\event_mac10.cpp">
      <Filter>src\events</Filter>
    </ClCompile>
    <ClCompile Include="..\cl_dll\events\event_mp5n.cpp">
      <Filter>src\events</Filter>
    </ClCompile>
    <ClCompile Include="..\cl_dll\events\event_p90.cpp">
      <Filter>src\events</Filter>
    </ClCompile>
    <ClCompile Include="..\cl_dll\events\event_p228.cpp">
      <Filter>src\events</Filter>
    </ClCompile>
    <ClCompile Include="..\cl_dll\events\event_scout.cpp">
      <Filter>src\events</Filter>
    </ClCompile>
    <ClCompile Include="..\cl_dll\events\event_sg550.cpp">
      <Filter>src\events</Filter>
    </ClCompile>
    <ClCompile Include="..\cl_dll\events\event_sg552.cpp">
      <Filter>src\events</Filter>
    </ClCompile>
    <ClCompile Include="..\cl_dll\events\event_tmp.cpp">
      <Filter>src\events</Filter>
    </ClCompile>
    <ClCompile Include="..\cl_dll\events\event_ump45.cpp">
      <Filter>src\events</Filter>
    </ClCompile>
    <ClCompile Include="..\cl_dll\events\event_usp.cpp">
      <Filter>src\events</Filter>
    </ClCompile>
    <ClCompile Include="..\cl_dll\events\event_vehicle.cpp">
      <Filter>src\events</Filter>
    </ClCompile>
    <ClCompile Include="..\cl_dll\events\event_xm1014.cpp">
      <Filter>src\events</Filter>
    </ClCompile>
    <ClCompile Include="..\cl_dll\events\hl_events.cpp">
      <Filter>src\events</Filter>
    </ClCompile>
    <ClCompile Include="..\cl_dll\studio\GameStudioModelRenderer.cpp">
      <Filter>src\studio</Filter>
    </ClCompile>
    <ClCompile Include="..\cl_dll\studio\studio_util.cpp">
      <Filter>src\studio</Filter>
    </ClCompile>
    <ClCompile Include="..\cl_dll\studio\StudioModelRenderer.cpp">
      <Filter>src\studio</Filter>
    </ClCompile>
    <ClCompile Include="..\cl_dll\cs_wpn\com_weapons.cpp">
      <Filter>src\cs</Filter>
    </ClCompile>
    <ClCompile Include="..\cl_dll\cs_wpn\cs_baseentity.cpp">
      <Filter>src\cs</Filter>
    </ClCompile>
    <ClCompile Include="..\cl_dll\cs_wpn\cs_objects.cpp">
      <Filter>src\cs</Filter>
    </ClCompile>
    <ClCompile Include="..\cl_dll\cs_wpn\cs_weapons.cpp">
      <Filter>src\cs</Filter>
    </ClCompile>
    <ClCompile Include="..\dlls\wpn_shared\wpn_ak47.cpp">
      <Filter>src\weapons</Filter>
    </ClCompile>
    <ClCompile Include="..\dlls\wpn_shared\wpn_aug.cpp">
      <Filter>src\weapons</Filter>
    </ClCompile>
    <ClCompile Include="..\dlls\wpn_shared\wpn_awp.cpp">
      <Filter>src\weapons</Filter>
    </ClCompile>
    <ClCompile Include="..\dlls\wpn_shared\wpn_c4.cpp">
      <Filter>src\weapons</Filter>
    </ClCompile>
    <ClCompile Include="..\dlls\wpn_shared\wpn_deagle.cpp">
      <Filter>src\weapons</Filter>
    </ClCompile>
    <ClCompile Include="..\dlls\wpn_shared\wpn_elite.cpp">
      <Filter>src\weapons</Filter>
    </ClCompile>
    <ClCompile Include="..\dlls\wpn_shared\wpn_famas.cpp">
      <Filter>src\weapons</Filter>
    </ClCompile>
    <ClCompile Include="..\dlls\wpn_shared\wpn_fiveseven.cpp">
      <Filter>src\weapons</Filter>
    </ClCompile>
    <ClCompile Include="..\dlls\wpn_shared\wpn_flashbang.cpp">
      <Filter>src\weapons</Filter>
    </ClCompile>
    <ClCompile Include="..\dlls\wpn_shared\wpn_g3sg1.cpp">
      <Filter>src\weapons</Filter>
    </ClCompile>
    <ClCompile Include="..\dlls\wpn_shared\wpn_galil.cpp">
      <Filter>src\weapons</Filter>
    </ClCompile>
    <ClCompile Include="..\dlls\wpn_shared\wpn_glock18.cpp">
      <Filter>src\weapons</Filter>
    </ClCompile>
    <ClCompile Include="..\dlls\wpn_shared\wpn_hegrenade.cpp">
      <Filter>src\weapons</Filter>
    </ClCompile>
    <ClCompile Include="..\dlls\wpn_shared\wpn_knife.cpp">
      <Filter>src\weapons</Filter>
    </ClCompile>
    <ClCompile Include="..\dlls\wpn_shared\wpn_m3.cpp">
      <Filter>src\weapons</Filter>
    </ClCompile>
    <ClCompile Include="..\dlls\wpn_shared\wpn_m4a1.cpp">
      <Filter>src\weapons</Filter>
    </ClCompile>
    <ClCompile Include="..\dlls\wpn_shared\wpn_m249.cpp">
      <Filter>src\weapons</Filter>
    </ClCompile>
    <ClCompile Include="..\dlls\wpn_shared\wpn_mac10.cpp">
      <Filter>src\weapons</Filter>
    </ClCompile>
    <ClCompile Include="..\dlls\wpn_shared\wpn_mp5navy.cpp">
      <Filter>src\weapons</Filter>
    </ClCompile>
    <ClCompile Include="..\dlls\wpn_shared\wpn_p90.cpp">
      <Filter>src\weapons</Filter>
    </ClCompile>
    <ClCompile Include="..\dlls\wpn_shared\wpn_p228.cpp">
      <Filter>src\weapons</Filter>
    </ClCompile>
    <ClCompile Include="..\dlls\wpn_shared\wpn_scout.cpp">
      <Filter>src\weapons</Filter>
    </ClCompile>
    <ClCompile Include="..\dlls\wpn_shared\wpn_sg550.cpp">
      <Filter>src\weapons</Filter>
    </ClCompile>
    <ClCompile Include="..\dlls\wpn_shared\wpn_sg552.cpp">
      <Filter>src\weapons</Filter>
    </ClCompile>
    <ClCompile Include="..\dlls\wpn_shared\wpn_smokegrenade.cpp">
      <Filter>src\weapons</Filter>
    </ClCompile>
    <ClCompile Include="..\dlls\wpn_shared\wpn_tmp.cpp">
      <Filter>src\weapons</Filter>
    </ClCompile>
    <ClCompile Include="..\dlls\wpn_shared\wpn_ump45.cpp">
      <Filter>src\weapons</Filter>
    </ClCompile>
    <ClCompile Include="..\dlls\wpn_shared\wpn_usp.cpp">
      <Filter>src\weapons</Filter>
    </ClCompile>
    <ClCompile Include="..\dlls\wpn_shared\wpn_xm1014.cpp">
      <Filter>src\weapons</Filter>
    </ClCompile>
    <ClCompile Include="..\common\interface.cpp">
      <Filter>src\gs</Filter>
    </ClCompile>
    <ClCompile Include="..\cl_dll\hud\ammo.cpp">
      <Filter>src\hud</Filter>
    </ClCompile>
    <ClCompile Include="..\cl_dll\hud\ammo_secondary.cpp">
      <Filter>src\hud</Filter>
    </ClCompile>
    <ClCompile Include="..\cl_dll\hud\ammohistory.cpp">
      <Filter>src\hud</Filter>
    </ClCompile>
    <ClCompile Include="..\cl_dll\hud\battery.cpp">
      <Filter>src\hud</Filter>
    </ClCompile>
    <ClCompile Include="..\cl_dll\hud\death.cpp">
      <Filter>src\hud</Filter>
    </ClCompile>
    <ClCompile Include="..\cl_dll\hud\flashlight.cpp">
      <Filter>src\hud</Filter>
    </ClCompile>
    <ClCompile Include="..\cl_dll\hud\geiger.cpp">
      <Filter>src\hud</Filter>
    </ClCompile>
    <ClCompile Include="..\cl_dll\hud\health.cpp">
      <Filter>src\hud</Filter>
    </ClCompile>
    <ClCompile Include="..\cl_dll\hud\hud.cpp">
      <Filter>src\hud</Filter>
    </ClCompile>
    <ClCompile Include="..\cl_dll\hud\hud_msg.cpp">
      <Filter>src\hud</Filter>
    </ClCompile>
    <ClCompile Include="..\cl_dll\hud\hud_redraw.cpp">
      <Filter>src\hud</Filter>
    </ClCompile>
    <ClCompile Include="..\cl_dll\hud\hud_spectator.cpp">
      <Filter>src\hud</Filter>
    </ClCompile>
    <ClCompile Include="..\cl_dll\hud\hud_update.cpp">
      <Filter>src\hud</Filter>
    </ClCompile>
    <ClCompile Include="..\cl_dll\hud\menu.cpp">
      <Filter>src\hud</Filter>
    </ClCompile>
    <ClCompile Include="..\cl_dll\hud\message.cpp">
      <Filter>src\hud</Filter>
    </ClCompile>
    <ClCompile Include="..\cl_dll\hud\money.cpp">
      <Filter>src\hud</Filter>
    </ClCompile>
    <ClCompile Include="..\cl_dll\hud\MOTD.cpp">
      <Filter>src\hud</Filter>
    </ClCompile>
    <ClCompile Include="..\cl_dll\hud\nvg.cpp">
      <Filter>src\hud</Filter>
    </ClCompile>
    <ClCompile Include="..\cl_dll\hud\radar.cpp">
      <Filter>src\hud</Filter>
    </ClCompile>
    <ClCompile Include="..\cl_dll\hud\radio.cpp">
      <Filter>src\hud</Filter>
    </ClCompile>
    <ClCompile Include="..\cl_dll\hud\saytext.cpp">
      <Filter>src\hud</Filter>
    </ClCompile>
    <ClCompile Include="..\cl_dll\hud\scoreboard.cpp">
      <Filter>src\hud</Filter>
    </ClCompile>
    <ClCompile Include="..\cl_dll\hud\sniperscope.cpp">
      <Filter>src\hud</Filter>
    </ClCompile>
    <ClCompile Include="..\cl_dll\hud\status_icons.cpp">
      <Filter>src\hud</Filter>
    </ClCompile>
    <ClCompile Include="..\cl_dll\hud\statusbar.cpp">
      <Filter>src\hud</Filter>
    </ClCompile>
    <ClCompile Include="..\cl_dll\hud\text_message.cpp">
      <Filter>src\hud</Filter>
    </ClCompile>
    <ClCompile Include="..\cl_dll\hud\timer.cpp">
      <Filter>src\hud</Filter>
    </ClCompile>
    <ClCompile Include="..\cl_dll\hud\train.cpp">
      <Filter>src\hud</Filter>
    </ClCompile>
    <ClCompile Include="..\cl_dll\cdll_int.cpp">
      <Filter>src</Filter>
    </ClCompile>
    <ClCompile Include="..\cl_dll\demo.cpp">
      <Filter>src</Filter>
    </ClCompile>
    <ClCompile Include="..\cl_dll\entity.cpp">
      <Filter>src</Filter>
    </ClCompile>
    <ClCompile Include="..\cl_dll\ev_common.cpp">
      <Filter>src</Filter>
    </ClCompile>
    <ClCompile Include="..\cl_dll\events.cpp">
      <Filter>src</Filter>
    </ClCompile>
    <ClCompile Include="..\cl_dll\in_camera.cpp">
      <Filter>src</Filter>
    </ClCompile>
    <ClCompile Include="..\cl_dll\input.cpp">
      <Filter>src</Filter>
    </ClCompile>
    <ClCompile Include="..\cl_dll\inputw32.cpp">
      <Filter>src</Filter>
    </ClCompile>
    <ClCompile Include="..\cl_dll\overview.cpp">
      <Filter>src</Filter>
    </ClCompile>
    <ClCompile Include="..\cl_dll\parsemsg.cpp">
      <Filter>src</Filter>
    </ClCompile>
    <ClCompile Include="..\cl_dll\rain.cpp">
      <Filter>src</Filter>
    </ClCompile>
    <ClCompile Include="..\cl_dll\tri.cpp">
      <Filter>src</Filter>
    </ClCompile>
    <ClCompile Include="..\cl_dll\unicode_strtools.cpp">
      <Filter>src</Filter>
    </ClCompile>
    <ClCompile Include="..\cl_dll\util.cpp">
      <Filter>src</Filter>
    </ClCompile>
    <ClCompile Include="..\cl_dll\vgui_parser.cpp">
      <Filter>src</Filter>
    </ClCompile>
    <ClCompile Include="..\cl_dll\view.cpp">
      <Filter>src</Filter>
    </ClCompile>
  </ItemGroup>
  <ItemGroup>
    <ClInclude Include="..\cl_dll\include\camera.h">
      <Filter>inc</Filter>
    </ClInclude>
    <ClInclude Include="..\cl_dll\include\cl_dll.h">
      <Filter>inc</Filter>
    </ClInclude>
    <ClInclude Include="..\cl_dll\include\cl_util.h">
      <Filter>inc</Filter>
    </ClInclude>
    <ClInclude Include="..\cl_dll\include\com_weapons.h">
      <Filter>inc</Filter>
    </ClInclude>
    <ClInclude Include="..\cl_dll\include\demo.h">
      <Filter>inc</Filter>
    </ClInclude>
    <ClInclude Include="..\cl_dll\include\ev_hldm.h">
      <Filter>inc</Filter>
    </ClInclude>
    <ClInclude Include="..\cl_dll\include\events.h">
      <Filter>inc</Filter>
    </ClInclude>
    <ClInclude Include="..\cl_dll\include\eventscripts.h">
      <Filter>inc</Filter>
    </ClInclude>
    <ClInclude Include="..\cl_dll\include\in_defs.h">
      <Filter>inc</Filter>
    </ClInclude>
    <ClInclude Include="..\cl_dll\include\kbutton.h">
      <Filter>inc</Filter>
    </ClInclude>
    <ClInclude Include="..\cl_dll\include\overview.h">
      <Filter>inc</Filter>
    </ClInclude>
    <ClInclude Include="..\cl_dll\include\parsemsg.h">
      <Filter>inc</Filter>
    </ClInclude>
    <ClInclude Include="..\cl_dll\include\rain.h">
      <Filter>inc</Filter>
    </ClInclude>
    <ClInclude Include="..\cl_dll\include\tf_defs.h">
      <Filter>inc</Filter>
    </ClInclude>
    <ClInclude Include="..\cl_dll\include\unicode_strtools.h">
      <Filter>inc</Filter>
    </ClInclude>
    <ClInclude Include="..\cl_dll\include\util_vector.h">
      <Filter>inc</Filter>
    </ClInclude>
    <ClInclude Include="..\cl_dll\include\vgui_parser.h">
      <Filter>inc</Filter>
    </ClInclude>
    <ClInclude Include="..\cl_dll\include\view.h">
      <Filter>inc</Filter>
    </ClInclude>
    <ClInclude Include="..\cl_dll\include\wrect.h">
      <Filter>inc</Filter>
    </ClInclude>
    <ClInclude Include="..\cl_dll\include\studio\GameStudioModelRenderer.h">
      <Filter>inc</Filter>
    </ClInclude>
    <ClInclude Include="..\cl_dll\include\studio\studio_util.h">
      <Filter>inc</Filter>
    </ClInclude>
    <ClInclude Include="..\cl_dll\include\studio\StudioModelRenderer.h">
      <Filter>inc</Filter>
    </ClInclude>
    <ClInclude Include="..\cl_dll\include\hud\ammo.h">
      <Filter>inc</Filter>
    </ClInclude>
    <ClInclude Include="..\cl_dll\include\hud\ammohistory.h">
      <Filter>inc</Filter>
    </ClInclude>
    <ClInclude Include="..\cl_dll\include\hud\health.h">
      <Filter>inc</Filter>
    </ClInclude>
    <ClInclude Include="..\cl_dll\include\hud\hud.h">
      <Filter>inc</Filter>
    </ClInclude>
    <ClInclude Include="..\cl_dll\include\hud\hud_iface.h">
      <Filter>inc</Filter>
    </ClInclude>
    <ClInclude Include="..\cl_dll\include\hud\hud_spectator.h">
      <Filter>inc</Filter>
    </ClInclude>
    <ClInclude Include="..\cl_dll\include\hud\radar.h">
      <Filter>inc</Filter>
    </ClInclude>
  </ItemGroup>
</Project>