<?xml version="1.0" encoding="utf-8"?>
<Project ToolsVersion="4.0" xmlns="http://schemas.microsoft.com/developer/msbuild/2003">
  <ItemGroup>
    <Filter Include="Source Files">
      <UniqueIdentifier>{2286b664-8d93-4cf8-b9ba-52d08f7ed913}</UniqueIdentifier>
      <Extensions>cpp;c;cxx;rc;def;r;odl;idl;hpj;bat;for;f90</Extensions>
    </Filter>
    <Filter Include="Source Files\weapons">
      <UniqueIdentifier>{b8a0b0de-be7e-4719-ac92-d71d1fbc4109}</UniqueIdentifier>
    </Filter>
    <Filter Include="Header Files">
      <UniqueIdentifier>{0c1ce8d5-4105-4339-85e2-37f1d7d17344}</UniqueIdentifier>
      <Extensions>h;hpp;hxx;hm;inl;fi;fd</Extensions>
    </Filter>
    <Filter Include="Resource Files">
      <UniqueIdentifier>{306b0ac8-3aba-4e79-89ee-b0348b24513a}</UniqueIdentifier>
      <Extensions>ico;cur;bmp;dlg;rc2;rct;bin;cnt;rtf;gif;jpg;jpeg;jpe</Extensions>
    </Filter>
  </ItemGroup>
  <ItemGroup>
    <ClCompile Include="airtank.cpp">
      <Filter>Source Files</Filter>
    </ClCompile>
    <ClCompile Include="ammo.cpp">
      <Filter>Source Files</Filter>
    </ClCompile>
    <ClCompile Include="animating.cpp">
      <Filter>Source Files</Filter>
    </ClCompile>
    <ClCompile Include="animation.cpp">
      <Filter>Source Files</Filter>
    </ClCompile>
    <ClCompile Include="bmodels.cpp">
      <Filter>Source Files</Filter>
    </ClCompile>
    <ClCompile Include="buttons.cpp">
      <Filter>Source Files</Filter>
    </ClCompile>
    <ClCompile Include="cbase.cpp">
      <Filter>Source Files</Filter>
    </ClCompile>
    <ClCompile Include="client.cpp">
      <Filter>Source Files</Filter>
    </ClCompile>
    <ClCompile Include="combat.cpp">
      <Filter>Source Files</Filter>
    </ClCompile>
    <ClCompile Include="doors.cpp">
      <Filter>Source Files</Filter>
    </ClCompile>
    <ClCompile Include="effects.cpp">
      <Filter>Source Files</Filter>
    </ClCompile>
    <ClCompile Include="explode.cpp">
      <Filter>Source Files</Filter>
    </ClCompile>
    <ClCompile Include="func_break.cpp">
      <Filter>Source Files</Filter>
    </ClCompile>
    <ClCompile Include="func_tank.cpp">
      <Filter>Source Files</Filter>
    </ClCompile>
    <ClCompile Include="game.cpp">
      <Filter>Source Files</Filter>
    </ClCompile>
    <ClCompile Include="gamerules.cpp">
      <Filter>Source Files</Filter>
    </ClCompile>
    <ClCompile Include="ggrenade.cpp">
      <Filter>Source Files</Filter>
    </ClCompile>
    <ClCompile Include="globals.cpp">
      <Filter>Source Files</Filter>
    </ClCompile>
    <ClCompile Include="h_ai.cpp">
      <Filter>Source Files</Filter>
    </ClCompile>
    <ClCompile Include="h_battery.cpp">
      <Filter>Source Files</Filter>
    </ClCompile>
    <ClCompile Include="h_cycler.cpp">
      <Filter>Source Files</Filter>
    </ClCompile>
    <ClCompile Include="h_export.cpp">
      <Filter>Source Files</Filter>
    </ClCompile>
    <ClCompile Include="healthkit.cpp">
      <Filter>Source Files</Filter>
    </ClCompile>
    <ClCompile Include="hintmessage.cpp">
      <Filter>Source Files</Filter>
    </ClCompile>
    <ClCompile Include="hostage.cpp">
      <Filter>Source Files</Filter>
    </ClCompile>
    <ClCompile Include="hostage_localnav.cpp">
      <Filter>Source Files</Filter>
    </ClCompile>
    <ClCompile Include="items.cpp">
      <Filter>Source Files</Filter>
    </ClCompile>
    <ClCompile Include="lights.cpp">
      <Filter>Source Files</Filter>
    </ClCompile>
    <ClCompile Include="mapinfo.cpp">
      <Filter>Source Files</Filter>
    </ClCompile>
    <ClCompile Include="maprules.cpp">
      <Filter>Source Files</Filter>
    </ClCompile>
    <ClCompile Include="MemPool.cpp">
      <Filter>Source Files</Filter>
    </ClCompile>
    <ClCompile Include="mortar.cpp">
      <Filter>Source Files</Filter>
    </ClCompile>
    <ClCompile Include="mpstubb.cpp">
      <Filter>Source Files</Filter>
    </ClCompile>
    <ClCompile Include="multiplay_gamerules.cpp">
      <Filter>Source Files</Filter>
    </ClCompile>
    <ClCompile Include="observer.cpp">
      <Filter>Source Files</Filter>
    </ClCompile>
    <ClCompile Include="pathcorner.cpp">
      <Filter>Source Files</Filter>
    </ClCompile>
    <ClCompile Include="perf_counter.cpp">
      <Filter>Source Files</Filter>
    </ClCompile>
    <ClCompile Include="plane.cpp">
      <Filter>Source Files</Filter>
    </ClCompile>
    <ClCompile Include="plats.cpp">
      <Filter>Source Files</Filter>
    </ClCompile>
    <ClCompile Include="player.cpp">
      <Filter>Source Files</Filter>
    </ClCompile>
    <ClCompile Include="..\pm_shared\pm_debug.c">
      <Filter>Source Files</Filter>
    </ClCompile>
    <ClCompile Include="..\pm_shared\pm_math.c">
      <Filter>Source Files</Filter>
    </ClCompile>
    <ClCompile Include="..\pm_shared\pm_shared.c">
      <Filter>Source Files</Filter>
    </ClCompile>
    <ClCompile Include="singleplay_gamerules.cpp">
      <Filter>Source Files</Filter>
    </ClCompile>
    <ClCompile Include="skill.cpp">
      <Filter>Source Files</Filter>
    </ClCompile>
    <ClCompile Include="sound.cpp">
      <Filter>Source Files</Filter>
    </ClCompile>
    <ClCompile Include="soundent.cpp">
      <Filter>Source Files</Filter>
    </ClCompile>
    <ClCompile Include="spectator.cpp">
      <Filter>Source Files</Filter>
    </ClCompile>
    <ClCompile Include="subs.cpp">
      <Filter>Source Files</Filter>
    </ClCompile>
    <ClCompile Include="training_gamerules.cpp">
      <Filter>Source Files</Filter>
    </ClCompile>
    <ClCompile Include="triggers.cpp">
      <Filter>Source Files</Filter>
    </ClCompile>
    <ClCompile Include="util.cpp">
      <Filter>Source Files</Filter>
    </ClCompile>
    <ClCompile Include="vehicle.cpp">
      <Filter>Source Files</Filter>
    </ClCompile>
    <ClCompile Include="..\game_shared\voice_gamemgr.cpp">
      <Filter>Source Files</Filter>
    </ClCompile>
    <ClCompile Include="weapons.cpp">
      <Filter>Source Files</Filter>
    </ClCompile>
    <ClCompile Include="world.cpp">
      <Filter>Source Files</Filter>
    </ClCompile>
    <ClCompile Include="wpn_shared\wpn_ak47.cpp">
      <Filter>Source Files\weapons</Filter>
    </ClCompile>
    <ClCompile Include="wpn_shared\wpn_aug.cpp">
      <Filter>Source Files\weapons</Filter>
    </ClCompile>
    <ClCompile Include="wpn_shared\wpn_awp.cpp">
      <Filter>Source Files\weapons</Filter>
    </ClCompile>
    <ClCompile Include="wpn_shared\wpn_c4.cpp">
      <Filter>Source Files\weapons</Filter>
    </ClCompile>
    <ClCompile Include="wpn_shared\wpn_deagle.cpp">
      <Filter>Source Files\weapons</Filter>
    </ClCompile>
    <ClCompile Include="wpn_shared\wpn_elite.cpp">
      <Filter>Source Files\weapons</Filter>
    </ClCompile>
    <ClCompile Include="wpn_shared\wpn_famas.cpp">
      <Filter>Source Files\weapons</Filter>
    </ClCompile>
    <ClCompile Include="wpn_shared\wpn_fiveseven.cpp">
      <Filter>Source Files\weapons</Filter>
    </ClCompile>
    <ClCompile Include="wpn_shared\wpn_flashbang.cpp">
      <Filter>Source Files\weapons</Filter>
    </ClCompile>
    <ClCompile Include="wpn_shared\wpn_g3sg1.cpp">
      <Filter>Source Files\weapons</Filter>
    </ClCompile>
    <ClCompile Include="wpn_shared\wpn_galil.cpp">
      <Filter>Source Files\weapons</Filter>
    </ClCompile>
    <ClCompile Include="wpn_shared\wpn_glock18.cpp">
      <Filter>Source Files\weapons</Filter>
    </ClCompile>
    <ClCompile Include="wpn_shared\wpn_hegrenade.cpp">
      <Filter>Source Files\weapons</Filter>
    </ClCompile>
    <ClCompile Include="wpn_shared\wpn_knife.cpp">
      <Filter>Source Files\weapons</Filter>
    </ClCompile>
    <ClCompile Include="wpn_shared\wpn_m3.cpp">
      <Filter>Source Files\weapons</Filter>
    </ClCompile>
    <ClCompile Include="wpn_shared\wpn_m4a1.cpp">
      <Filter>Source Files\weapons</Filter>
    </ClCompile>
    <ClCompile Include="wpn_shared\wpn_m249.cpp">
      <Filter>Source Files\weapons</Filter>
    </ClCompile>
    <ClCompile Include="wpn_shared\wpn_mac10.cpp">
      <Filter>Source Files\weapons</Filter>
    </ClCompile>
    <ClCompile Include="wpn_shared\wpn_mp5navy.cpp">
      <Filter>Source Files\weapons</Filter>
    </ClCompile>
    <ClCompile Include="wpn_shared\wpn_p90.cpp">
      <Filter>Source Files\weapons</Filter>
    </ClCompile>
    <ClCompile Include="wpn_shared\wpn_p228.cpp">
      <Filter>Source Files\weapons</Filter>
    </ClCompile>
    <ClCompile Include="wpn_shared\wpn_scout.cpp">
      <Filter>Source Files\weapons</Filter>
    </ClCompile>
    <ClCompile Include="wpn_shared\wpn_sg550.cpp">
      <Filter>Source Files\weapons</Filter>
    </ClCompile>
    <ClCompile Include="wpn_shared\wpn_sg552.cpp">
      <Filter>Source Files\weapons</Filter>
    </ClCompile>
    <ClCompile Include="wpn_shared\wpn_smokegrenade.cpp">
      <Filter>Source Files\weapons</Filter>
    </ClCompile>
    <ClCompile Include="wpn_shared\wpn_tmp.cpp">
      <Filter>Source Files\weapons</Filter>
    </ClCompile>
    <ClCompile Include="wpn_shared\wpn_ump45.cpp">
      <Filter>Source Files\weapons</Filter>
    </ClCompile>
    <ClCompile Include="wpn_shared\wpn_usp.cpp">
      <Filter>Source Files\weapons</Filter>
    </ClCompile>
    <ClCompile Include="wpn_shared\wpn_xm1014.cpp">
      <Filter>Source Files\weapons</Filter>
    </ClCompile>
  </ItemGroup>
  <ItemGroup>
    <ClInclude Include="activity.h">
      <Filter>Header Files</Filter>
    </ClInclude>
    <ClInclude Include="activitymap.h">
      <Filter>Header Files</Filter>
    </ClInclude>
    <ClInclude Include="animation.h">
      <Filter>Header Files</Filter>
    </ClInclude>
    <ClInclude Include="basemonster.h">
      <Filter>Header Files</Filter>
    </ClInclude>
    <ClInclude Include="cbase.h">
      <Filter>Header Files</Filter>
    </ClInclude>
    <ClInclude Include="cdll_dll.h">
      <Filter>Header Files</Filter>
    </ClInclude>
    <ClInclude Include="client.h">
      <Filter>Header Files</Filter>
    </ClInclude>
    <ClInclude Include="decals.h">
      <Filter>Header Files</Filter>
    </ClInclude>
    <ClInclude Include="doors.h">
      <Filter>Header Files</Filter>
    </ClInclude>
    <ClInclude Include="effects.h">
      <Filter>Header Files</Filter>
    </ClInclude>
    <ClInclude Include="enginecallback.h">
      <Filter>Header Files</Filter>
    </ClInclude>
    <ClInclude Include="explode.h">
      <Filter>Header Files</Filter>
    </ClInclude>
    <ClInclude Include="extdll.h">
      <Filter>Header Files</Filter>
    </ClInclude>
    <ClInclude Include="func_break.h">
      <Filter>Header Files</Filter>
    </ClInclude>
    <ClInclude Include="game.h">
      <Filter>Header Files</Filter>
    </ClInclude>
    <ClInclude Include="gamerules.h">
      <Filter>Header Files</Filter>
    </ClInclude>
    <ClInclude Include="hintmessage.h">
      <Filter>Header Files</Filter>
    </ClInclude>
    <ClInclude Include="hostage.h">
      <Filter>Header Files</Filter>
    </ClInclude>
    <ClInclude Include="items.h">
      <Filter>Header Files</Filter>
    </ClInclude>
    <ClInclude Include="mapinfo.h">
      <Filter>Header Files</Filter>
    </ClInclude>
    <ClInclude Include="maprules.h">
      <Filter>Header Files</Filter>
    </ClInclude>
    <ClInclude Include="MemPool.h">
      <Filter>Header Files</Filter>
    </ClInclude>
    <ClInclude Include="monsterevent.h">
      <Filter>Header Files</Filter>
    </ClInclude>
    <ClInclude Include="monsters.h">
      <Filter>Header Files</Filter>
    </ClInclude>
    <ClInclude Include="nodes.h">
      <Filter>Header Files</Filter>
    </ClInclude>
    <ClInclude Include="perf_counter.h">
      <Filter>Header Files</Filter>
    </ClInclude>
    <ClInclude Include="plane.h">
      <Filter>Header Files</Filter>
    </ClInclude>
    <ClInclude Include="player.h">
      <Filter>Header Files</Filter>
    </ClInclude>
    <ClInclude Include="..\pm_shared\pm_debug.h">
      <Filter>Header Files</Filter>
    </ClInclude>
    <ClInclude Include="..\pm_shared\pm_defs.h">
      <Filter>Header Files</Filter>
    </ClInclude>
    <ClInclude Include="..\pm_shared\pm_info.h">
      <Filter>Header Files</Filter>
    </ClInclude>
    <ClInclude Include="..\pm_shared\pm_materials.h">
      <Filter>Header Files</Filter>
    </ClInclude>
    <ClInclude Include="..\pm_shared\pm_movevars.h">
      <Filter>Header Files</Filter>
    </ClInclude>
    <ClInclude Include="..\pm_shared\pm_shared.h">
      <Filter>Header Files</Filter>
    </ClInclude>
    <ClInclude Include="saverestore.h">
      <Filter>Header Files</Filter>
    </ClInclude>
    <ClInclude Include="schedule.h">
      <Filter>Header Files</Filter>
    </ClInclude>
    <ClInclude Include="scriptevent.h">
      <Filter>Header Files</Filter>
    </ClInclude>
    <ClInclude Include="skill.h">
      <Filter>Header Files</Filter>
    </ClInclude>
    <ClInclude Include="soundent.h">
      <Filter>Header Files</Filter>
    </ClInclude>
    <ClInclude Include="spectator.h">
      <Filter>Header Files</Filter>
    </ClInclude>
    <ClInclude Include="talkmonster.h">
      <Filter>Header Files</Filter>
    </ClInclude>
    <ClInclude Include="training_gamerules.h">
      <Filter>Header Files</Filter>
    </ClInclude>
    <ClInclude Include="trains.h">
      <Filter>Header Files</Filter>
    </ClInclude>
    <ClInclude Include="util.h">
      <Filter>Header Files</Filter>
    </ClInclude>
    <ClInclude Include="UtlMemory.h">
      <Filter>Header Files</Filter>
    </ClInclude>
    <ClInclude Include="UtlVector.h">
      <Filter>Header Files</Filter>
    </ClInclude>
    <ClInclude Include="vector.h">
      <Filter>Header Files</Filter>
    </ClInclude>
    <ClInclude Include="vehicle.h">
      <Filter>Header Files</Filter>
    </ClInclude>
    <ClInclude Include="weapons.h">
      <Filter>Header Files</Filter>
    </ClInclude>
  </ItemGroup>
</Project>